
Microsoft Visual Studio Solution File, Format Version 12.00
# Visual Studio Version 17
VisualStudioVersion = 17.2.32516.85
MinimumVisualStudioVersion = 10.0.40219.1
Project("{FAE04EC0-301F-11D3-BF4B-00C04F79EFBC}") = "EmployeeManagement", "EmployeeManagement.csproj", "{40BA8E58-C723-4E44-89F9-3AC7F7086CAC}"
EndProject
Project("{FAE04EC0-301F-11D3-BF4B-00C04F79EFBC}") = "EmployeeServices", "..\EmployeeServices\EmployeeServices.csproj", "{C153FB8A-961A-4977-AD23-7A8D09AD4050}"
EndProject
Global
	GlobalSection(SolutionConfigurationPlatforms) = preSolution
		Debug|Any CPU = Debug|Any CPU
		Release|Any CPU = Release|Any CPU
	EndGlobalSection
	GlobalSection(ProjectConfigurationPlatforms) = postSolution
		{40BA8E58-C723-4E44-89F9-3AC7F7086CAC}.Debug|Any CPU.ActiveCfg = Debug|Any CPU
		{40BA8E58-C723-4E44-89F9-3AC7F7086CAC}.Debug|Any CPU.Build.0 = Debug|Any CPU
		{40BA8E58-C723-4E44-89F9-3AC7F7086CAC}.Release|Any CPU.ActiveCfg = Release|Any CPU
		{40BA8E58-C723-4E44-89F9-3AC7F7086CAC}.Release|Any CPU.Build.0 = Release|Any CPU
		{C153FB8A-961A-4977-AD23-7A8D09AD4050}.Debug|Any CPU.ActiveCfg = Debug|Any CPU
		{C153FB8A-961A-4977-AD23-7A8D09AD4050}.Debug|Any CPU.Build.0 = Debug|Any CPU
		{C153FB8A-961A-4977-AD23-7A8D09AD4050}.Release|Any CPU.ActiveCfg = Release|Any CPU
		{C153FB8A-961A-4977-AD23-7A8D09AD4050}.Release|Any CPU.Build.0 = Release|Any CPU
	EndGlobalSection
	GlobalSection(SolutionProperties) = preSolution
		HideSolutionNode = FALSE
	EndGlobalSection
	GlobalSection(ExtensibilityGlobals) = postSolution
		SolutionGuid = {5E78B60A-F700-40E6-ADEF-58024B1BD3A0}
	EndGlobalSection
EndGlobal
